// !$*UTF8*$!
{
	archiveVersion = 1;
	classes = {
	};
	objectVersion = 50;
	objects = {

/* Begin PBXBuildFile section */
		58C5D9FF223146E1000B8A56 /* AppDelegate.swift in Sources */ = {isa = PBXBuildFile; fileRef = 58C5D9FE223146E1000B8A56 /* AppDelegate.swift */; };
		58C5DA01223146E1000B8A56 /* ViewController.swift in Sources */ = {isa = PBXBuildFile; fileRef = 58C5DA00223146E1000B8A56 /* ViewController.swift */; };
		58C5DA04223146E1000B8A56 /* Main.storyboard in Resources */ = {isa = PBXBuildFile; fileRef = 58C5DA02223146E1000B8A56 /* Main.storyboard */; };
		58C5DA06223146E2000B8A56 /* Assets.xcassets in Resources */ = {isa = PBXBuildFile; fileRef = 58C5DA05223146E2000B8A56 /* Assets.xcassets */; };
		58C5DA09223146E2000B8A56 /* LaunchScreen.storyboard in Resources */ = {isa = PBXBuildFile; fileRef = 58C5DA07223146E2000B8A56 /* LaunchScreen.storyboard */; };
		58C5DA14223146E3000B8A56 /* JenkinsTestTests.swift in Sources */ = {isa = PBXBuildFile; fileRef = 58C5DA13223146E3000B8A56 /* JenkinsTestTests.swift */; };
		58C5DA1F223146E3000B8A56 /* JenkinsTestUITests.swift in Sources */ = {isa = PBXBuildFile; fileRef = 58C5DA1E223146E3000B8A56 /* JenkinsTestUITests.swift */; };
/* End PBXBuildFile section */

/* Begin PBXContainerItemProxy section */
		58C5DA10223146E3000B8A56 /* PBXContainerItemProxy */ = {
			isa = PBXContainerItemProxy;
			containerPortal = 58C5D9F3223146E1000B8A56 /* Project object */;
			proxyType = 1;
			remoteGlobalIDString = 58C5D9FA223146E1000B8A56;
			remoteInfo = JenkinsTest;
		};
		58C5DA1B223146E3000B8A56 /* PBXContainerItemProxy */ = {
			isa = PBXContainerItemProxy;
			containerPortal = 58C5D9F3223146E1000B8A56 /* Project object */;
			proxyType = 1;
			remoteGlobalIDString = 58C5D9FA223146E1000B8A56;
			remoteInfo = JenkinsTest;
		};
/* End PBXContainerItemProxy section */

/* Begin PBXFileReference section */
		58C5D9FB223146E1000B8A56 /* JenkinsTest.app */ = {isa = PBXFileReference; explicitFileType = wrapper.application; includeInIndex = 0; path = JenkinsTest.app; sourceTree = BUILT_PRODUCTS_DIR; };
		58C5D9FE223146E1000B8A56 /* AppDelegate.swift */ = {isa = PBXFileReference; lastKnownFileType = sourcecode.swift; path = AppDelegate.swift; sourceTree = "<group>"; };
		58C5DA00223146E1000B8A56 /* ViewController.swift */ = {isa = PBXFileReference; lastKnownFileType = sourcecode.swift; path = ViewController.swift; sourceTree = "<group>"; };
		58C5DA03223146E1000B8A56 /* Base */ = {isa = PBXFileReference; lastKnownFileType = file.storyboard; name = Base; path = Base.lproj/Main.storyboard; sourceTree = "<group>"; };
		58C5DA05223146E2000B8A56 /* Assets.xcassets */ = {isa = PBXFileReference; lastKnownFileType = folder.assetcatalog; path = Assets.xcassets; sourceTree = "<group>"; };
		58C5DA08223146E2000B8A56 /* Base */ = {isa = PBXFileReference; lastKnownFileType = file.storyboard; name = Base; path = Base.lproj/LaunchScreen.storyboard; sourceTree = "<group>"; };
		58C5DA0A223146E2000B8A56 /* Info.plist */ = {isa = PBXFileReference; lastKnownFileType = text.plist.xml; path = Info.plist; sourceTree = "<group>"; };
		58C5DA0F223146E3000B8A56 /* JenkinsTestTests.xctest */ = {isa = PBXFileReference; explicitFileType = wrapper.cfbundle; includeInIndex = 0; path = JenkinsTestTests.xctest; sourceTree = BUILT_PRODUCTS_DIR; };
		58C5DA13223146E3000B8A56 /* JenkinsTestTests.swift */ = {isa = PBXFileReference; lastKnownFileType = sourcecode.swift; path = JenkinsTestTests.swift; sourceTree = "<group>"; };
		58C5DA15223146E3000B8A56 /* Info.plist */ = {isa = PBXFileReference; lastKnownFileType = text.plist.xml; path = Info.plist; sourceTree = "<group>"; };
		58C5DA1A223146E3000B8A56 /* JenkinsTestUITests.xctest */ = {isa = PBXFileReference; explicitFileType = wrapper.cfbundle; includeInIndex = 0; path = JenkinsTestUITests.xctest; sourceTree = BUILT_PRODUCTS_DIR; };
		58C5DA1E223146E3000B8A56 /* JenkinsTestUITests.swift */ = {isa = PBXFileReference; lastKnownFileType = sourcecode.swift; path = JenkinsTestUITests.swift; sourceTree = "<group>"; };
		58C5DA20223146E3000B8A56 /* Info.plist */ = {isa = PBXFileReference; lastKnownFileType = text.plist.xml; path = Info.plist; sourceTree = "<group>"; };
/* End PBXFileReference section */

/* Begin PBXFrameworksBuildPhase section */
		58C5D9F8223146E1000B8A56 /* Frameworks */ = {
			isa = PBXFrameworksBuildPhase;
			buildActionMask = 2147483647;
			files = (
			);
			runOnlyForDeploymentPostprocessing = 0;
		};
		58C5DA0C223146E3000B8A56 /* Frameworks */ = {
			isa = PBXFrameworksBuildPhase;
			buildActionMask = 2147483647;
			files = (
			);
			runOnlyForDeploymentPostprocessing = 0;
		};
		58C5DA17223146E3000B8A56 /* Frameworks */ = {
			isa = PBXFrameworksBuildPhase;
			buildActionMask = 2147483647;
			files = (
			);
			runOnlyForDeploymentPostprocessing = 0;
		};
/* End PBXFrameworksBuildPhase section */

/* Begin PBXGroup section */
		58C5D9F2223146E1000B8A56 = {
			isa = PBXGroup;
			children = (
				58C5D9FD223146E1000B8A56 /* JenkinsTest */,
				58C5DA12223146E3000B8A56 /* JenkinsTestTests */,
				58C5DA1D223146E3000B8A56 /* JenkinsTestUITests */,
				58C5D9FC223146E1000B8A56 /* Products */,
			);
			sourceTree = "<group>";
		};
		58C5D9FC223146E1000B8A56 /* Products */ = {
			isa = PBXGroup;
			children = (
				58C5D9FB223146E1000B8A56 /* JenkinsTest.app */,
				58C5DA0F223146E3000B8A56 /* JenkinsTestTests.xctest */,
				58C5DA1A223146E3000B8A56 /* JenkinsTestUITests.xctest */,
			);
			name = Products;
			sourceTree = "<group>";
		};
		58C5D9FD223146E1000B8A56 /* JenkinsTest */ = {
			isa = PBXGroup;
			children = (
				58C5D9FE223146E1000B8A56 /* AppDelegate.swift */,
				58C5DA00223146E1000B8A56 /* ViewController.swift */,
				58C5DA02223146E1000B8A56 /* Main.storyboard */,
				58C5DA05223146E2000B8A56 /* Assets.xcassets */,
				58C5DA07223146E2000B8A56 /* LaunchScreen.storyboard */,
				58C5DA0A223146E2000B8A56 /* Info.plist */,
			);
			path = JenkinsTest;
			sourceTree = "<group>";
		};
		58C5DA12223146E3000B8A56 /* JenkinsTestTests */ = {
			isa = PBXGroup;
			children = (
				58C5DA13223146E3000B8A56 /* JenkinsTestTests.swift */,
				58C5DA15223146E3000B8A56 /* Info.plist */,
			);
			path = JenkinsTestTests;
			sourceTree = "<group>";
		};
		58C5DA1D223146E3000B8A56 /* JenkinsTestUITests */ = {
			isa = PBXGroup;
			children = (
				58C5DA1E223146E3000B8A56 /* JenkinsTestUITests.swift */,
				58C5DA20223146E3000B8A56 /* Info.plist */,
			);
			path = JenkinsTestUITests;
			sourceTree = "<group>";
		};
/* End PBXGroup section */

/* Begin PBXNativeTarget section */
		58C5D9FA223146E1000B8A56 /* JenkinsTest */ = {
			isa = PBXNativeTarget;
			buildConfigurationList = 58C5DA23223146E3000B8A56 /* Build configuration list for PBXNativeTarget "JenkinsTest" */;
			buildPhases = (
				58C5D9F7223146E1000B8A56 /* Sources */,
				58C5D9F8223146E1000B8A56 /* Frameworks */,
				58C5D9F9223146E1000B8A56 /* Resources */,
			);
			buildRules = (
			);
			dependencies = (
			);
			name = JenkinsTest;
			productName = JenkinsTest;
			productReference = 58C5D9FB223146E1000B8A56 /* JenkinsTest.app */;
			productType = "com.apple.product-type.application";
		};
		58C5DA0E223146E3000B8A56 /* JenkinsTestTests */ = {
			isa = PBXNativeTarget;
			buildConfigurationList = 58C5DA26223146E3000B8A56 /* Build configuration list for PBXNativeTarget "JenkinsTestTests" */;
			buildPhases = (
				58C5DA0B223146E3000B8A56 /* Sources */,
				58C5DA0C223146E3000B8A56 /* Frameworks */,
				58C5DA0D223146E3000B8A56 /* Resources */,
			);
			buildRules = (
			);
			dependencies = (
				58C5DA11223146E3000B8A56 /* PBXTargetDependency */,
			);
			name = JenkinsTestTests;
			productName = JenkinsTestTests;
			productReference = 58C5DA0F223146E3000B8A56 /* JenkinsTestTests.xctest */;
			productType = "com.apple.product-type.bundle.unit-test";
		};
		58C5DA19223146E3000B8A56 /* JenkinsTestUITests */ = {
			isa = PBXNativeTarget;
			buildConfigurationList = 58C5DA29223146E3000B8A56 /* Build configuration list for PBXNativeTarget "JenkinsTestUITests" */;
			buildPhases = (
				58C5DA16223146E3000B8A56 /* Sources */,
				58C5DA17223146E3000B8A56 /* Frameworks */,
				58C5DA18223146E3000B8A56 /* Resources */,
			);
			buildRules = (
			);
			dependencies = (
				58C5DA1C223146E3000B8A56 /* PBXTargetDependency */,
			);
			name = JenkinsTestUITests;
			productName = JenkinsTestUITests;
			productReference = 58C5DA1A223146E3000B8A56 /* JenkinsTestUITests.xctest */;
			productType = "com.apple.product-type.bundle.ui-testing";
		};
/* End PBXNativeTarget section */

/* Begin PBXProject section */
		58C5D9F3223146E1000B8A56 /* Project object */ = {
			isa = PBXProject;
			attributes = {
				LastSwiftUpdateCheck = 1010;
				LastUpgradeCheck = 1010;
				ORGANIZATIONNAME = "Nauman Saleem";
				TargetAttributes = {
					58C5D9FA223146E1000B8A56 = {
						CreatedOnToolsVersion = 10.1;
					};
					58C5DA0E223146E3000B8A56 = {
						CreatedOnToolsVersion = 10.1;
						TestTargetID = 58C5D9FA223146E1000B8A56;
					};
					58C5DA19223146E3000B8A56 = {
						CreatedOnToolsVersion = 10.1;
						TestTargetID = 58C5D9FA223146E1000B8A56;
					};
				};
			};
			buildConfigurationList = 58C5D9F6223146E1000B8A56 /* Build configuration list for PBXProject "JenkinsTest" */;
			compatibilityVersion = "Xcode 9.3";
			developmentRegion = en;
			hasScannedForEncodings = 0;
			knownRegions = (
				en,
				Base,
			);
			mainGroup = 58C5D9F2223146E1000B8A56;
			productRefGroup = 58C5D9FC223146E1000B8A56 /* Products */;
			projectDirPath = "";
			projectRoot = "";
			targets = (
				58C5D9FA223146E1000B8A56 /* JenkinsTest */,
				58C5DA0E223146E3000B8A56 /* JenkinsTestTests */,
				58C5DA19223146E3000B8A56 /* JenkinsTestUITests */,
			);
		};
/* End PBXProject section */

/* Begin PBXResourcesBuildPhase section */
		58C5D9F9223146E1000B8A56 /* Resources */ = {
			isa = PBXResourcesBuildPhase;
			buildActionMask = 2147483647;
			files = (
				58C5DA09223146E2000B8A56 /* LaunchScreen.storyboard in Resources */,
				58C5DA06223146E2000B8A56 /* Assets.xcassets in Resources */,
				58C5DA04223146E1000B8A56 /* Main.storyboard in Resources */,
			);
			runOnlyForDeploymentPostprocessing = 0;
		};
		58C5DA0D223146E3000B8A56 /* Resources */ = {
			isa = PBXResourcesBuildPhase;
			buildActionMask = 2147483647;
			files = (
			);
			runOnlyForDeploymentPostprocessing = 0;
		};
		58C5DA18223146E3000B8A56 /* Resources */ = {
			isa = PBXResourcesBuildPhase;
			buildActionMask = 2147483647;
			files = (
			);
			runOnlyForDeploymentPostprocessing = 0;
		};
/* End PBXResourcesBuildPhase section */

/* Begin PBXSourcesBuildPhase section */
		58C5D9F7223146E1000B8A56 /* Sources */ = {
			isa = PBXSourcesBuildPhase;
			buildActionMask = 2147483647;
			files = (
				58C5DA01223146E1000B8A56 /* ViewController.swift in Sources */,
				58C5D9FF223146E1000B8A56 /* AppDelegate.swift in Sources */,
			);
			runOnlyForDeploymentPostprocessing = 0;
		};
		58C5DA0B223146E3000B8A56 /* Sources */ = {
			isa = PBXSourcesBuildPhase;
			buildActionMask = 2147483647;
			files = (
				58C5DA14223146E3000B8A56 /* JenkinsTestTests.swift in Sources */,
			);
			runOnlyForDeploymentPostprocessing = 0;
		};
		58C5DA16223146E3000B8A56 /* Sources */ = {
			isa = PBXSourcesBuildPhase;
			buildActionMask = 2147483647;
			files = (
				58C5DA1F223146E3000B8A56 /* JenkinsTestUITests.swift in Sources */,
			);
			runOnlyForDeploymentPostprocessing = 0;
		};
/* End PBXSourcesBuildPhase section */

/* Begin PBXTargetDependency section */
		58C5DA11223146E3000B8A56 /* PBXTargetDependency */ = {
			isa = PBXTargetDependency;
			target = 58C5D9FA223146E1000B8A56 /* JenkinsTest */;
			targetProxy = 58C5DA10223146E3000B8A56 /* PBXContainerItemProxy */;
		};
		58C5DA1C223146E3000B8A56 /* PBXTargetDependency */ = {
			isa = PBXTargetDependency;
			target = 58C5D9FA223146E1000B8A56 /* JenkinsTest */;
			targetProxy = 58C5DA1B223146E3000B8A56 /* PBXContainerItemProxy */;
		};
/* End PBXTargetDependency section */

/* Begin PBXVariantGroup section */
		58C5DA02223146E1000B8A56 /* Main.storyboard */ = {
			isa = PBXVariantGroup;
			children = (
				58C5DA03223146E1000B8A56 /* Base */,
			);
			name = Main.storyboard;
			sourceTree = "<group>";
		};
		58C5DA07223146E2000B8A56 /* LaunchScreen.storyboard */ = {
			isa = PBXVariantGroup;
			children = (
				58C5DA08223146E2000B8A56 /* Base */,
			);
			name = LaunchScreen.storyboard;
			sourceTree = "<group>";
		};
/* End PBXVariantGroup section */

/* Begin XCBuildConfiguration section */
		58C5DA21223146E3000B8A56 /* Debug */ = {
			isa = XCBuildConfiguration;
			buildSettings = {
				ALWAYS_SEARCH_USER_PATHS = NO;
				CLANG_ANALYZER_NONNULL = YES;
				CLANG_ANALYZER_NUMBER_OBJECT_CONVERSION = YES_AGGRESSIVE;
				CLANG_CXX_LANGUAGE_STANDARD = "gnu++14";
				CLANG_CXX_LIBRARY = "libc++";
				CLANG_ENABLE_MODULES = YES;
				CLANG_ENABLE_OBJC_ARC = YES;
				CLANG_ENABLE_OBJC_WEAK = YES;
				CLANG_WARN_BLOCK_CAPTURE_AUTORELEASING = YES;
				CLANG_WARN_BOOL_CONVERSION = YES;
				CLANG_WARN_COMMA = YES;
				CLANG_WARN_CONSTANT_CONVERSION = YES;
				CLANG_WARN_DEPRECATED_OBJC_IMPLEMENTATIONS = YES;
				CLANG_WARN_DIRECT_OBJC_ISA_USAGE = YES_ERROR;
				CLANG_WARN_DOCUMENTATION_COMMENTS = YES;
				CLANG_WARN_EMPTY_BODY = YES;
				CLANG_WARN_ENUM_CONVERSION = YES;
				CLANG_WARN_INFINITE_RECURSION = YES;
				CLANG_WARN_INT_CONVERSION = YES;
				CLANG_WARN_NON_LITERAL_NULL_CONVERSION = YES;
				CLANG_WARN_OBJC_IMPLICIT_RETAIN_SELF = YES;
				CLANG_WARN_OBJC_LITERAL_CONVERSION = YES;
				CLANG_WARN_OBJC_ROOT_CLASS = YES_ERROR;
				CLANG_WARN_RANGE_LOOP_ANALYSIS = YES;
				CLANG_WARN_STRICT_PROTOTYPES = YES;
				CLANG_WARN_SUSPICIOUS_MOVE = YES;
				CLANG_WARN_UNGUARDED_AVAILABILITY = YES_AGGRESSIVE;
				CLANG_WARN_UNREACHABLE_CODE = YES;
				CLANG_WARN__DUPLICATE_METHOD_MATCH = YES;
				CODE_SIGN_IDENTITY = "iPhone Developer";
				COPY_PHASE_STRIP = NO;
				DEBUG_INFORMATION_FORMAT = dwarf;
				ENABLE_STRICT_OBJC_MSGSEND = YES;
				ENABLE_TESTABILITY = YES;
				GCC_C_LANGUAGE_STANDARD = gnu11;
				GCC_DYNAMIC_NO_PIC = NO;
				GCC_NO_COMMON_BLOCKS = YES;
				GCC_OPTIMIZATION_LEVEL = 0;
				GCC_PREPROCESSOR_DEFINITIONS = (
					"DEBUG=1",
					"$(inherited)",
				);
				GCC_WARN_64_TO_32_BIT_CONVERSION = YES;
				GCC_WARN_ABOUT_RETURN_TYPE = YES_ERROR;
				GCC_WARN_UNDECLARED_SELECTOR = YES;
				GCC_WARN_UNINITIALIZED_AUTOS = YES_AGGRESSIVE;
				GCC_WARN_UNUSED_FUNCTION = YES;
				GCC_WARN_UNUSED_VARIABLE = YES;
				IPHONEOS_DEPLOYMENT_TARGET = 12.1;
				MTL_ENABLE_DEBUG_INFO = INCLUDE_SOURCE;
				MTL_FAST_MATH = YES;
				ONLY_ACTIVE_ARCH = YES;
				SDKROOT = iphoneos;
				SWIFT_ACTIVE_COMPILATION_CONDITIONS = DEBUG;
				SWIFT_OPTIMIZATION_LEVEL = "-Onone";
			};
			name = Debug;
		};
		58C5DA22223146E3000B8A56 /* Release */ = {
			isa = XCBuildConfiguration;
			buildSettings = {
				ALWAYS_SEARCH_USER_PATHS = NO;
				CLANG_ANALYZER_NONNULL = YES;
				CLANG_ANALYZER_NUMBER_OBJECT_CONVERSION = YES_AGGRESSIVE;
				CLANG_CXX_LANGUAGE_STANDARD = "gnu++14";
				CLANG_CXX_LIBRARY = "libc++";
				CLANG_ENABLE_MODULES = YES;
				CLANG_ENABLE_OBJC_ARC = YES;
				CLANG_ENABLE_OBJC_WEAK = YES;
				CLANG_WARN_BLOCK_CAPTURE_AUTORELEASING = YES;
				CLANG_WARN_BOOL_CONVERSION = YES;
				CLANG_WARN_COMMA = YES;
				CLANG_WARN_CONSTANT_CONVERSION = YES;
				CLANG_WARN_DEPRECATED_OBJC_IMPLEMENTATIONS = YES;
				CLANG_WARN_DIRECT_OBJC_ISA_USAGE = YES_ERROR;
				CLANG_WARN_DOCUMENTATION_COMMENTS = YES;
				CLANG_WARN_EMPTY_BODY = YES;
				CLANG_WARN_ENUM_CONVERSION = YES;
				CLANG_WARN_INFINITE_RECURSION = YES;
				CLANG_WARN_INT_CONVERSION = YES;
				CLANG_WARN_NON_LITERAL_NULL_CONVERSION = YES;
				CLANG_WARN_OBJC_IMPLICIT_RETAIN_SELF = YES;
				CLANG_WARN_OBJC_LITERAL_CONVERSION = YES;
				CLANG_WARN_OBJC_ROOT_CLASS = YES_ERROR;
				CLANG_WARN_RANGE_LOOP_ANALYSIS = YES;
				CLANG_WARN_STRICT_PROTOTYPES = YES;
				CLANG_WARN_SUSPICIOUS_MOVE = YES;
				CLANG_WARN_UNGUARDED_AVAILABILITY = YES_AGGRESSIVE;
				CLANG_WARN_UNREACHABLE_CODE = YES;
				CLANG_WARN__DUPLICATE_METHOD_MATCH = YES;
				CODE_SIGN_IDENTITY = "iPhone Developer";
				COPY_PHASE_STRIP = NO;
				DEBUG_INFORMATION_FORMAT = "dwarf-with-dsym";
				ENABLE_NS_ASSERTIONS = NO;
				ENABLE_STRICT_OBJC_MSGSEND = YES;
				GCC_C_LANGUAGE_STANDARD = gnu11;
				GCC_NO_COMMON_BLOCKS = YES;
				GCC_WARN_64_TO_32_BIT_CONVERSION = YES;
				GCC_WARN_ABOUT_RETURN_TYPE = YES_ERROR;
				GCC_WARN_UNDECLARED_SELECTOR = YES;
				GCC_WARN_UNINITIALIZED_AUTOS = YES_AGGRESSIVE;
				GCC_WARN_UNUSED_FUNCTION = YES;
				GCC_WARN_UNUSED_VARIABLE = YES;
				IPHONEOS_DEPLOYMENT_TARGET = 12.1;
				MTL_ENABLE_DEBUG_INFO = NO;
				MTL_FAST_MATH = YES;
				SDKROOT = iphoneos;
				SWIFT_COMPILATION_MODE = wholemodule;
				SWIFT_OPTIMIZATION_LEVEL = "-O";
				VALIDATE_PRODUCT = YES;
			};
			name = Release;
		};
		58C5DA24223146E3000B8A56 /* Debug */ = {
			isa = XCBuildConfiguration;
			buildSettings = {
				ASSETCATALOG_COMPILER_APPICON_NAME = AppIcon;
				CODE_SIGN_STYLE = Automatic;
				DEVELOPMENT_TEAM = Y4978WDCX2;
				INFOPLIST_FILE = JenkinsTest/Info.plist;
				LD_RUNPATH_SEARCH_PATHS = (
					"$(inherited)",
					"@executable_path/Frameworks",
				);
				PRODUCT_BUNDLE_IDENTIFIER = com.iDevz.JenkinsTest;
				PRODUCT_NAME = "$(TARGET_NAME)";
				SWIFT_VERSION = 4.2;
				TARGETED_DEVICE_FAMILY = "1,2";
			};
			name = Debug;
		};
		58C5DA25223146E3000B8A56 /* Release */ = {
			isa = XCBuildConfiguration;
			buildSettings = {
				ASSETCATALOG_COMPILER_APPICON_NAME = AppIcon;
				CODE_SIGN_STYLE = Automatic;
				DEVELOPMENT_TEAM = Y4978WDCX2;
				INFOPLIST_FILE = JenkinsTest/Info.plist;
				LD_RUNPATH_SEARCH_PATHS = (
					"$(inherited)",
					"@executable_path/Frameworks",
				);
				PRODUCT_BUNDLE_IDENTIFIER = com.iDevz.JenkinsTest;
				PRODUCT_NAME = "$(TARGET_NAME)";
				SWIFT_VERSION = 4.2;
				TARGETED_DEVICE_FAMILY = "1,2";
			};
			name = Release;
		};
		58C5DA27223146E3000B8A56 /* Debug */ = {
			isa = XCBuildConfiguration;
			buildSettings = {
				ALWAYS_EMBED_SWIFT_STANDARD_LIBRARIES = YES;
				BUNDLE_LOADER = "$(TEST_HOST)";
				CODE_SIGN_STYLE = Automatic;
				DEVELOPMENT_TEAM = Y4978WDCX2;
				INFOPLIST_FILE = JenkinsTestTests/Info.plist;
				LD_RUNPATH_SEARCH_PATHS = (
					"$(inherited)",
					"@executable_path/Frameworks",
					"@loader_path/Frameworks",
				);
				PRODUCT_BUNDLE_IDENTIFIER = com.iDevz.JenkinsTestTests;
				PRODUCT_NAME = "$(TARGET_NAME)";
				SWIFT_VERSION = 4.2;
				TARGETED_DEVICE_FAMILY = "1,2";
				TEST_HOST = "$(BUILT_PRODUCTS_DIR)/JenkinsTest.app/JenkinsTest";
			};
			name = Debug;
		};
		58C5DA28223146E3000B8A56 /* Release */ = {
			isa = XCBuildConfiguration;
			buildSettings = {
				ALWAYS_EMBED_SWIFT_STANDARD_LIBRARIES = YES;
				BUNDLE_LOADER = "$(TEST_HOST)";
				CODE_SIGN_STYLE = Automatic;
				DEVELOPMENT_TEAM = Y4978WDCX2;
				INFOPLIST_FILE = JenkinsTestTests/Info.plist;
				LD_RUNPATH_SEARCH_PATHS = (
					"$(inherited)",
					"@executable_path/Frameworks",
					"@loader_path/Frameworks",
				);
				PRODUCT_BUNDLE_IDENTIFIER = com.iDevz.JenkinsTestTests;
				PRODUCT_NAME = "$(TARGET_NAME)";
				SWIFT_VERSION = 4.2;
				TARGETED_DEVICE_FAMILY = "1,2";
				TEST_HOST = "$(BUILT_PRODUCTS_DIR)/JenkinsTest.app/JenkinsTest";
			};
			name = Release;
		};
		58C5DA2A223146E3000B8A56 /* Debug */ = {
			isa = XCBuildConfiguration;
			buildSettings = {
				ALWAYS_EMBED_SWIFT_STANDARD_LIBRARIES = YES;
				CODE_SIGN_STYLE = Automatic;
				DEVELOPMENT_TEAM = Y4978WDCX2;
				INFOPLIST_FILE = JenkinsTestUITests/Info.plist;
				LD_RUNPATH_SEARCH_PATHS = (
					"$(inherited)",
					"@executable_path/Frameworks",
					"@loader_path/Frameworks",
				);
				PRODUCT_BUNDLE_IDENTIFIER = com.iDevz.JenkinsTestUITests;
				PRODUCT_NAME = "$(TARGET_NAME)";
				SWIFT_VERSION = 4.2;
				TARGETED_DEVICE_FAMILY = "1,2";
				TEST_TARGET_NAME = JenkinsTest;
			};
			name = Debug;
		};
		58C5DA2B223146E3000B8A56 /* Release */ = {
			isa = XCBuildConfiguration;
			buildSettings = {
				ALWAYS_EMBED_SWIFT_STANDARD_LIBRARIES = YES;
				CODE_SIGN_STYLE = Automatic;
				DEVELOPMENT_TEAM = Y4978WDCX2;
				INFOPLIST_FILE = JenkinsTestUITests/Info.plist;
				LD_RUNPATH_SEARCH_PATHS = (
					"$(inherited)",
					"@executable_path/Frameworks",
					"@loader_path/Frameworks",
				);
				PRODUCT_BUNDLE_IDENTIFIER = com.iDevz.JenkinsTestUITests;
				PRODUCT_NAME = "$(TARGET_NAME)";
				SWIFT_VERSION = 4.2;
				TARGETED_DEVICE_FAMILY = "1,2";
				TEST_TARGET_NAME = JenkinsTest;
			};
			name = Release;
		};
/* End XCBuildConfiguration section */

/* Begin XCConfigurationList section */
		58C5D9F6223146E1000B8A56 /* Build configuration list for PBXProject "JenkinsTest" */ = {
			isa = XCConfigurationList;
			buildConfigurations = (
				58C5DA21223146E3000B8A56 /* Debug */,
				58C5DA22223146E3000B8A56 /* Release */,
			);
			defaultConfigurationIsVisible = 0;
			defaultConfigurationName = Release;
		};
		58C5DA23223146E3000B8A56 /* Build configuration list for PBXNativeTarget "JenkinsTest" */ = {
			isa = XCConfigurationList;
			buildConfigurations = (
				58C5DA24223146E3000B8A56 /* Debug */,
				58C5DA25223146E3000B8A56 /* Release */,
			);
			defaultConfigurationIsVisible = 0;
			defaultConfigurationName = Release;
		};
		58C5DA26223146E3000B8A56 /* Build configuration list for PBXNativeTarget "JenkinsTestTests" */ = {
			isa = XCConfigurationList;
			buildConfigurations = (
				58C5DA27223146E3000B8A56 /* Debug */,
				58C5DA28223146E3000B8A56 /* Release */,
			);
			defaultConfigurationIsVisible = 0;
			defaultConfigurationName = Release;
		};
		58C5DA29223146E3000B8A56 /* Build configuration list for PBXNativeTarget "JenkinsTestUITests" */ = {
			isa = XCConfigurationList;
			buildConfigurations = (
				58C5DA2A223146E3000B8A56 /* Debug */,
				58C5DA2B223146E3000B8A56 /* Release */,
			);
			defaultConfigurationIsVisible = 0;
			defaultConfigurationName = Release;
		};
/* End XCConfigurationList section */
	};
	rootObject = 58C5D9F3223146E1000B8A56 /* Project object */;
}
